// !$*UTF8*$!
{
	archiveVersion = 1;
	classes = {
	};
	objectVersion = 56;
	objects = {

/* Begin PBXBuildFile section */
		801941C62A42FEB7005E7C40 /* AppDelegate.swift in Sources */ = {isa = PBXBuildFile; fileRef = 801941C52A42FEB7005E7C40 /* AppDelegate.swift */; };
		801941C82A42FEB7005E7C40 /* SceneDelegate.swift in Sources */ = {isa = PBXBuildFile; fileRef = 801941C72A42FEB7005E7C40 /* SceneDelegate.swift */; };
		801941CA2A42FEB7005E7C40 /* ViewController.swift in Sources */ = {isa = PBXBuildFile; fileRef = 801941C92A42FEB7005E7C40 /* ViewController.swift */; };
		801941CD2A42FEB7005E7C40 /* Main.storyboard in Resources */ = {isa = PBXBuildFile; fileRef = 801941CB2A42FEB7005E7C40 /* Main.storyboard */; };
		801941CF2A42FEB8005E7C40 /* Assets.xcassets in Resources */ = {isa = PBXBuildFile; fileRef = 801941CE2A42FEB8005E7C40 /* Assets.xcassets */; };
		801941D22A42FEB8005E7C40 /* LaunchScreen.storyboard in Resources */ = {isa = PBXBuildFile; fileRef = 801941D02A42FEB8005E7C40 /* LaunchScreen.storyboard */; };
		809BD9C22A44828C00BFB643 /* Realm in Frameworks */ = {isa = PBXBuildFile; productRef = 809BD9C12A44828C00BFB643 /* Realm */; };
		809BD9C42A44828C00BFB643 /* RealmSwift in Frameworks */ = {isa = PBXBuildFile; productRef = 809BD9C32A44828C00BFB643 /* RealmSwift */; };
		A7E42ACFB5E7C7A412773393 /* Pods_OriginalApp.framework in Frameworks */ = {isa = PBXBuildFile; fileRef = 6B53095DE5B0BC4319A42E93 /* Pods_OriginalApp.framework */; };
/* End PBXBuildFile section */

/* Begin PBXFileReference section */
		6B53095DE5B0BC4319A42E93 /* Pods_OriginalApp.framework */ = {isa = PBXFileReference; explicitFileType = wrapper.framework; includeInIndex = 0; path = Pods_OriginalApp.framework; sourceTree = BUILT_PRODUCTS_DIR; };
		801941C22A42FEB7005E7C40 /* OriginalApp.app */ = {isa = PBXFileReference; explicitFileType = wrapper.application; includeInIndex = 0; path = OriginalApp.app; sourceTree = BUILT_PRODUCTS_DIR; };
		801941C52A42FEB7005E7C40 /* AppDelegate.swift */ = {isa = PBXFileReference; lastKnownFileType = sourcecode.swift; path = AppDelegate.swift; sourceTree = "<group>"; };
		801941C72A42FEB7005E7C40 /* SceneDelegate.swift */ = {isa = PBXFileReference; lastKnownFileType = sourcecode.swift; path = SceneDelegate.swift; sourceTree = "<group>"; };
		801941C92A42FEB7005E7C40 /* ViewController.swift */ = {isa = PBXFileReference; lastKnownFileType = sourcecode.swift; path = ViewController.swift; sourceTree = "<group>"; };
		801941CC2A42FEB7005E7C40 /* Base */ = {isa = PBXFileReference; lastKnownFileType = file.storyboard; name = Base; path = Base.lproj/Main.storyboard; sourceTree = "<group>"; };
		801941CE2A42FEB8005E7C40 /* Assets.xcassets */ = {isa = PBXFileReference; lastKnownFileType = folder.assetcatalog; path = Assets.xcassets; sourceTree = "<group>"; };
		801941D12A42FEB8005E7C40 /* Base */ = {isa = PBXFileReference; lastKnownFileType = file.storyboard; name = Base; path = Base.lproj/LaunchScreen.storyboard; sourceTree = "<group>"; };
		801941D32A42FEB8005E7C40 /* Info.plist */ = {isa = PBXFileReference; lastKnownFileType = text.plist.xml; path = Info.plist; sourceTree = "<group>"; };
		801941D92A4301A2005E7C40 /* FSCalendar.framework */ = {isa = PBXFileReference; explicitFileType = wrapper.framework; path = FSCalendar.framework; sourceTree = BUILT_PRODUCTS_DIR; };
		D3C4B1024F73BEB65C3A5173 /* Pods-OriginalApp.debug.xcconfig */ = {isa = PBXFileReference; includeInIndex = 1; lastKnownFileType = text.xcconfig; name = "Pods-OriginalApp.debug.xcconfig"; path = "Target Support Files/Pods-OriginalApp/Pods-OriginalApp.debug.xcconfig"; sourceTree = "<group>"; };
		D76BA31E4D1EDD754C48CE78 /* Pods-OriginalApp.release.xcconfig */ = {isa = PBXFileReference; includeInIndex = 1; lastKnownFileType = text.xcconfig; name = "Pods-OriginalApp.release.xcconfig"; path = "Target Support Files/Pods-OriginalApp/Pods-OriginalApp.release.xcconfig"; sourceTree = "<group>"; };
/* End PBXFileReference section */

/* Begin PBXFrameworksBuildPhase section */
		801941BF2A42FEB7005E7C40 /* Frameworks */ = {
			isa = PBXFrameworksBuildPhase;
			buildActionMask = 2147483647;
			files = (
				809BD9C42A44828C00BFB643 /* RealmSwift in Frameworks */,
				809BD9C22A44828C00BFB643 /* Realm in Frameworks */,
				A7E42ACFB5E7C7A412773393 /* Pods_OriginalApp.framework in Frameworks */,
			);
			runOnlyForDeploymentPostprocessing = 0;
		};
/* End PBXFrameworksBuildPhase section */

/* Begin PBXGroup section */
		10A89D78349CAB4283EF8A22 /* Frameworks */ = {
			isa = PBXGroup;
			children = (
				801941D92A4301A2005E7C40 /* FSCalendar.framework */,
				6B53095DE5B0BC4319A42E93 /* Pods_OriginalApp.framework */,
			);
			name = Frameworks;
			sourceTree = "<group>";
		};
		801941B92A42FEB7005E7C40 = {
			isa = PBXGroup;
			children = (
				801941C42A42FEB7005E7C40 /* OriginalApp */,
				801941C32A42FEB7005E7C40 /* Products */,
				88A93ADF4770E9395AE21C4F /* Pods */,
				10A89D78349CAB4283EF8A22 /* Frameworks */,
			);
			sourceTree = "<group>";
		};
		801941C32A42FEB7005E7C40 /* Products */ = {
			isa = PBXGroup;
			children = (
				801941C22A42FEB7005E7C40 /* OriginalApp.app */,
			);
			name = Products;
			sourceTree = "<group>";
		};
		801941C42A42FEB7005E7C40 /* OriginalApp */ = {
			isa = PBXGroup;
			children = (
				801941C52A42FEB7005E7C40 /* AppDelegate.swift */,
				801941C72A42FEB7005E7C40 /* SceneDelegate.swift */,
				801941C92A42FEB7005E7C40 /* ViewController.swift */,
				801941CB2A42FEB7005E7C40 /* Main.storyboard */,
				801941CE2A42FEB8005E7C40 /* Assets.xcassets */,
				801941D02A42FEB8005E7C40 /* LaunchScreen.storyboard */,
				801941D32A42FEB8005E7C40 /* Info.plist */,
			);
			path = OriginalApp;
			sourceTree = "<group>";
		};
		88A93ADF4770E9395AE21C4F /* Pods */ = {
			isa = PBXGroup;
			children = (
				D3C4B1024F73BEB65C3A5173 /* Pods-OriginalApp.debug.xcconfig */,
				D76BA31E4D1EDD754C48CE78 /* Pods-OriginalApp.release.xcconfig */,
			);
			path = Pods;
			sourceTree = "<group>";
		};
/* End PBXGroup section */

/* Begin PBXNativeTarget section */
		801941C12A42FEB7005E7C40 /* OriginalApp */ = {
			isa = PBXNativeTarget;
			buildConfigurationList = 801941D62A42FEB8005E7C40 /* Build configuration list for PBXNativeTarget "OriginalApp" */;
			buildPhases = (
				6ED79D7E9735FF2A2E80BB29 /* [CP] Check Pods Manifest.lock */,
				801941BE2A42FEB7005E7C40 /* Sources */,
				801941BF2A42FEB7005E7C40 /* Frameworks */,
				801941C02A42FEB7005E7C40 /* Resources */,
				7884D26E7BAE0008E4E684D3 /* [CP] Embed Pods Frameworks */,
			);
			buildRules = (
			);
			dependencies = (
			);
			name = OriginalApp;
			packageProductDependencies = (
				809BD9C12A44828C00BFB643 /* Realm */,
				809BD9C32A44828C00BFB643 /* RealmSwift */,
			);
			productName = OriginalApp;
			productReference = 801941C22A42FEB7005E7C40 /* OriginalApp.app */;
			productType = "com.apple.product-type.application";
		};
/* End PBXNativeTarget section */

/* Begin PBXProject section */
		801941BA2A42FEB7005E7C40 /* Project object */ = {
			isa = PBXProject;
			attributes = {
				BuildIndependentTargetsInParallel = 1;
				LastSwiftUpdateCheck = 1430;
				LastUpgradeCheck = 1430;
				TargetAttributes = {
					801941C12A42FEB7005E7C40 = {
						CreatedOnToolsVersion = 14.3.1;
					};
				};
			};
			buildConfigurationList = 801941BD2A42FEB7005E7C40 /* Build configuration list for PBXProject "OriginalApp" */;
			compatibilityVersion = "Xcode 14.0";
			developmentRegion = en;
			hasScannedForEncodings = 0;
			knownRegions = (
				en,
				Base,
			);
			mainGroup = 801941B92A42FEB7005E7C40;
			packageReferences = (
				809BD9C02A44828C00BFB643 /* XCRemoteSwiftPackageReference "realm-swift" */,
			);
			productRefGroup = 801941C32A42FEB7005E7C40 /* Products */;
			projectDirPath = "";
			projectRoot = "";
			targets = (
				801941C12A42FEB7005E7C40 /* OriginalApp */,
			);
		};
/* End PBXProject section */

/* Begin PBXResourcesBuildPhase section */
		801941C02A42FEB7005E7C40 /* Resources */ = {
			isa = PBXResourcesBuildPhase;
			buildActionMask = 2147483647;
			files = (
				801941D22A42FEB8005E7C40 /* LaunchScreen.storyboard in Resources */,
				801941CF2A42FEB8005E7C40 /* Assets.xcassets in Resources */,
				801941CD2A42FEB7005E7C40 /* Main.storyboard in Resources */,
			);
			runOnlyForDeploymentPostprocessing = 0;
		};
/* End PBXResourcesBuildPhase section */

/* Begin PBXShellScriptBuildPhase section */
		6ED79D7E9735FF2A2E80BB29 /* [CP] Check Pods Manifest.lock */ = {
			isa = PBXShellScriptBuildPhase;
			buildActionMask = 2147483647;
			files = (
			);
			inputFileListPaths = (
			);
			inputPaths = (
				"${PODS_PODFILE_DIR_PATH}/Podfile.lock",
				"${PODS_ROOT}/Manifest.lock",
			);
			name = "[CP] Check Pods Manifest.lock";
			outputFileListPaths = (
			);
			outputPaths = (
				"$(DERIVED_FILE_DIR)/Pods-OriginalApp-checkManifestLockResult.txt",
			);
			runOnlyForDeploymentPostprocessing = 0;
			shellPath = /bin/sh;
			shellScript = "diff \"${PODS_PODFILE_DIR_PATH}/Podfile.lock\" \"${PODS_ROOT}/Manifest.lock\" > /dev/null\nif [ $? != 0 ] ; then\n    # print error to STDERR\n    echo \"error: The sandbox is not in sync with the Podfile.lock. Run 'pod install' or update your CocoaPods installation.\" >&2\n    exit 1\nfi\n# This output is used by Xcode 'outputs' to avoid re-running this script phase.\necho \"SUCCESS\" > \"${SCRIPT_OUTPUT_FILE_0}\"\n";
			showEnvVarsInLog = 0;
		};
		7884D26E7BAE0008E4E684D3 /* [CP] Embed Pods Frameworks */ = {
			isa = PBXShellScriptBuildPhase;
			buildActionMask = 2147483647;
			files = (
			);
			inputFileListPaths = (
				"${PODS_ROOT}/Target Support Files/Pods-OriginalApp/Pods-OriginalApp-frameworks-${CONFIGURATION}-input-files.xcfilelist",
			);
			name = "[CP] Embed Pods Frameworks";
			outputFileListPaths = (
				"${PODS_ROOT}/Target Support Files/Pods-OriginalApp/Pods-OriginalApp-frameworks-${CONFIGURATION}-output-files.xcfilelist",
			);
			runOnlyForDeploymentPostprocessing = 0;
			shellPath = /bin/sh;
			shellScript = "\"${PODS_ROOT}/Target Support Files/Pods-OriginalApp/Pods-OriginalApp-frameworks.sh\"\n";
			showEnvVarsInLog = 0;
		};
/* End PBXShellScriptBuildPhase section */

/* Begin PBXSourcesBuildPhase section */
		801941BE2A42FEB7005E7C40 /* Sources */ = {
			isa = PBXSourcesBuildPhase;
			buildActionMask = 2147483647;
			files = (
				801941CA2A42FEB7005E7C40 /* ViewController.swift in Sources */,
				801941C62A42FEB7005E7C40 /* AppDelegate.swift in Sources */,
				801941C82A42FEB7005E7C40 /* SceneDelegate.swift in Sources */,
			);
			runOnlyForDeploymentPostprocessing = 0;
		};
/* End PBXSourcesBuildPhase section */

/* Begin PBXVariantGroup section */
		801941CB2A42FEB7005E7C40 /* Main.storyboard */ = {
			isa = PBXVariantGroup;
			children = (
				801941CC2A42FEB7005E7C40 /* Base */,
			);
			name = Main.storyboard;
			sourceTree = "<group>";
		};
		801941D02A42FEB8005E7C40 /* LaunchScreen.storyboard */ = {
			isa = PBXVariantGroup;
			children = (
				801941D12A42FEB8005E7C40 /* Base */,
			);
			name = LaunchScreen.storyboard;
			sourceTree = "<group>";
		};
/* End PBXVariantGroup section */

/* Begin XCBuildConfiguration section */
		801941D42A42FEB8005E7C40 /* Debug */ = {
			isa = XCBuildConfiguration;
			buildSettings = {
				ALWAYS_SEARCH_USER_PATHS = NO;
				CLANG_ANALYZER_NONNULL = YES;
				CLANG_ANALYZER_NUMBER_OBJECT_CONVERSION = YES_AGGRESSIVE;
				CLANG_CXX_LANGUAGE_STANDARD = "gnu++20";
				CLANG_ENABLE_MODULES = YES;
				CLANG_ENABLE_OBJC_ARC = YES;
				CLANG_ENABLE_OBJC_WEAK = YES;
				CLANG_WARN_BLOCK_CAPTURE_AUTORELEASING = YES;
				CLANG_WARN_BOOL_CONVERSION = YES;
				CLANG_WARN_COMMA = YES;
				CLANG_WARN_CONSTANT_CONVERSION = YES;
				CLANG_WARN_DEPRECATED_OBJC_IMPLEMENTATIONS = YES;
				CLANG_WARN_DIRECT_OBJC_ISA_USAGE = YES_ERROR;
				CLANG_WARN_DOCUMENTATION_COMMENTS = YES;
				CLANG_WARN_EMPTY_BODY = YES;
				CLANG_WARN_ENUM_CONVERSION = YES;
				CLANG_WARN_INFINITE_RECURSION = YES;
				CLANG_WARN_INT_CONVERSION = YES;
				CLANG_WARN_NON_LITERAL_NULL_CONVERSION = YES;
				CLANG_WARN_OBJC_IMPLICIT_RETAIN_SELF = YES;
				CLANG_WARN_OBJC_LITERAL_CONVERSION = YES;
				CLANG_WARN_OBJC_ROOT_CLASS = YES_ERROR;
				CLANG_WARN_QUOTED_INCLUDE_IN_FRAMEWORK_HEADER = YES;
				CLANG_WARN_RANGE_LOOP_ANALYSIS = YES;
				CLANG_WARN_STRICT_PROTOTYPES = YES;
				CLANG_WARN_SUSPICIOUS_MOVE = YES;
				CLANG_WARN_UNGUARDED_AVAILABILITY = YES_AGGRESSIVE;
				CLANG_WARN_UNREACHABLE_CODE = YES;
				CLANG_WARN__DUPLICATE_METHOD_MATCH = YES;
				COPY_PHASE_STRIP = NO;
				DEBUG_INFORMATION_FORMAT = dwarf;
				ENABLE_STRICT_OBJC_MSGSEND = YES;
				ENABLE_TESTABILITY = YES;
				GCC_C_LANGUAGE_STANDARD = gnu11;
				GCC_DYNAMIC_NO_PIC = NO;
				GCC_NO_COMMON_BLOCKS = YES;
				GCC_OPTIMIZATION_LEVEL = 0;
				GCC_PREPROCESSOR_DEFINITIONS = (
					"DEBUG=1",
					"$(inherited)",
				);
				GCC_WARN_64_TO_32_BIT_CONVERSION = YES;
				GCC_WARN_ABOUT_RETURN_TYPE = YES_ERROR;
				GCC_WARN_UNDECLARED_SELECTOR = YES;
				GCC_WARN_UNINITIALIZED_AUTOS = YES_AGGRESSIVE;
				GCC_WARN_UNUSED_FUNCTION = YES;
				GCC_WARN_UNUSED_VARIABLE = YES;
				IPHONEOS_DEPLOYMENT_TARGET = 16.4;
				MTL_ENABLE_DEBUG_INFO = INCLUDE_SOURCE;
				MTL_FAST_MATH = YES;
				ONLY_ACTIVE_ARCH = YES;
				SDKROOT = iphoneos;
				SWIFT_ACTIVE_COMPILATION_CONDITIONS = DEBUG;
				SWIFT_OPTIMIZATION_LEVEL = "-Onone";
			};
			name = Debug;
		};
		801941D52A42FEB8005E7C40 /* Release */ = {
			isa = XCBuildConfiguration;
			buildSettings = {
				ALWAYS_SEARCH_USER_PATHS = NO;
				CLANG_ANALYZER_NONNULL = YES;
				CLANG_ANALYZER_NUMBER_OBJECT_CONVERSION = YES_AGGRESSIVE;
				CLANG_CXX_LANGUAGE_STANDARD = "gnu++20";
				CLANG_ENABLE_MODULES = YES;
				CLANG_ENABLE_OBJC_ARC = YES;
				CLANG_ENABLE_OBJC_WEAK = YES;
				CLANG_WARN_BLOCK_CAPTURE_AUTORELEASING = YES;
				CLANG_WARN_BOOL_CONVERSION = YES;
				CLANG_WARN_COMMA = YES;
				CLANG_WARN_CONSTANT_CONVERSION = YES;
				CLANG_WARN_DEPRECATED_OBJC_IMPLEMENTATIONS = YES;
				CLANG_WARN_DIRECT_OBJC_ISA_USAGE = YES_ERROR;
				CLANG_WARN_DOCUMENTATION_COMMENTS = YES;
				CLANG_WARN_EMPTY_BODY = YES;
				CLANG_WARN_ENUM_CONVERSION = YES;
				CLANG_WARN_INFINITE_RECURSION = YES;
				CLANG_WARN_INT_CONVERSION = YES;
				CLANG_WARN_NON_LITERAL_NULL_CONVERSION = YES;
				CLANG_WARN_OBJC_IMPLICIT_RETAIN_SELF = YES;
				CLANG_WARN_OBJC_LITERAL_CONVERSION = YES;
				CLANG_WARN_OBJC_ROOT_CLASS = YES_ERROR;
				CLANG_WARN_QUOTED_INCLUDE_IN_FRAMEWORK_HEADER = YES;
				CLANG_WARN_RANGE_LOOP_ANALYSIS = YES;
				CLANG_WARN_STRICT_PROTOTYPES = YES;
				CLANG_WARN_SUSPICIOUS_MOVE = YES;
				CLANG_WARN_UNGUARDED_AVAILABILITY = YES_AGGRESSIVE;
				CLANG_WARN_UNREACHABLE_CODE = YES;
				CLANG_WARN__DUPLICATE_METHOD_MATCH = YES;
				COPY_PHASE_STRIP = NO;
				DEBUG_INFORMATION_FORMAT = "dwarf-with-dsym";
				ENABLE_NS_ASSERTIONS = NO;
				ENABLE_STRICT_OBJC_MSGSEND = YES;
				GCC_C_LANGUAGE_STANDARD = gnu11;
				GCC_NO_COMMON_BLOCKS = YES;
				GCC_WARN_64_TO_32_BIT_CONVERSION = YES;
				GCC_WARN_ABOUT_RETURN_TYPE = YES_ERROR;
				GCC_WARN_UNDECLARED_SELECTOR = YES;
				GCC_WARN_UNINITIALIZED_AUTOS = YES_AGGRESSIVE;
				GCC_WARN_UNUSED_FUNCTION = YES;
				GCC_WARN_UNUSED_VARIABLE = YES;
				IPHONEOS_DEPLOYMENT_TARGET = 16.4;
				MTL_ENABLE_DEBUG_INFO = NO;
				MTL_FAST_MATH = YES;
				SDKROOT = iphoneos;
				SWIFT_COMPILATION_MODE = wholemodule;
				SWIFT_OPTIMIZATION_LEVEL = "-O";
				VALIDATE_PRODUCT = YES;
			};
			name = Release;
		};
		801941D72A42FEB8005E7C40 /* Debug */ = {
			isa = XCBuildConfiguration;
			baseConfigurationReference = D3C4B1024F73BEB65C3A5173 /* Pods-OriginalApp.debug.xcconfig */;
			buildSettings = {
				ASSETCATALOG_COMPILER_APPICON_NAME = AppIcon;
				ASSETCATALOG_COMPILER_GLOBAL_ACCENT_COLOR_NAME = AccentColor;
				CODE_SIGN_STYLE = Automatic;
				CURRENT_PROJECT_VERSION = 1;
				DEVELOPMENT_TEAM = 6883D837G9;
				GENERATE_INFOPLIST_FILE = YES;
				INFOPLIST_FILE = OriginalApp/Info.plist;
				INFOPLIST_KEY_UIApplicationSupportsIndirectInputEvents = YES;
				INFOPLIST_KEY_UILaunchStoryboardName = LaunchScreen;
				INFOPLIST_KEY_UIMainStoryboardFile = Main;
				INFOPLIST_KEY_UISupportedInterfaceOrientations_iPad = "UIInterfaceOrientationPortrait UIInterfaceOrientationPortraitUpsideDown UIInterfaceOrientationLandscapeLeft UIInterfaceOrientationLandscapeRight";
				INFOPLIST_KEY_UISupportedInterfaceOrientations_iPhone = "UIInterfaceOrientationPortrait UIInterfaceOrientationLandscapeLeft UIInterfaceOrientationLandscapeRight";
				LD_RUNPATH_SEARCH_PATHS = (
					"$(inherited)",
					"@executable_path/Frameworks",
				);
				MARKETING_VERSION = 1.0;
				ONLY_ACTIVE_ARCH = YES;
				PRODUCT_BUNDLE_IDENTIFIER = app.kanai.natsuki.OriginalApp;
				PRODUCT_NAME = "$(TARGET_NAME)";
				SWIFT_EMIT_LOC_STRINGS = YES;
				SWIFT_VERSION = 5.0;
				TARGETED_DEVICE_FAMILY = "1,2";
			};
			name = Debug;
		};
		801941D82A42FEB8005E7C40 /* Release */ = {
			isa = XCBuildConfiguration;
			baseConfigurationReference = D76BA31E4D1EDD754C48CE78 /* Pods-OriginalApp.release.xcconfig */;
			buildSettings = {
				ASSETCATALOG_COMPILER_APPICON_NAME = AppIcon;
				ASSETCATALOG_COMPILER_GLOBAL_ACCENT_COLOR_NAME = AccentColor;
				CODE_SIGN_STYLE = Automatic;
				CURRENT_PROJECT_VERSION = 1;
				DEVELOPMENT_TEAM = 6883D837G9;
				GENERATE_INFOPLIST_FILE = YES;
				INFOPLIST_FILE = OriginalApp/Info.plist;
				INFOPLIST_KEY_UIApplicationSupportsIndirectInputEvents = YES;
				INFOPLIST_KEY_UILaunchStoryboardName = LaunchScreen;
				INFOPLIST_KEY_UIMainStoryboardFile = Main;
				INFOPLIST_KEY_UISupportedInterfaceOrientations_iPad = "UIInterfaceOrientationPortrait UIInterfaceOrientationPortraitUpsideDown UIInterfaceOrientationLandscapeLeft UIInterfaceOrientationLandscapeRight";
				INFOPLIST_KEY_UISupportedInterfaceOrientations_iPhone = "UIInterfaceOrientationPortrait UIInterfaceOrientationLandscapeLeft UIInterfaceOrientationLandscapeRight";
				LD_RUNPATH_SEARCH_PATHS = (
					"$(inherited)",
					"@executable_path/Frameworks",
				);
				MARKETING_VERSION = 1.0;
				ONLY_ACTIVE_ARCH = YES;
				PRODUCT_BUNDLE_IDENTIFIER = app.kanai.natsuki.OriginalApp;
				PRODUCT_NAME = "$(TARGET_NAME)";
				SWIFT_EMIT_LOC_STRINGS = YES;
				SWIFT_VERSION = 5.0;
				TARGETED_DEVICE_FAMILY = "1,2";
			};
			name = Release;
		};
/* End XCBuildConfiguration section */

/* Begin XCConfigurationList section */
		801941BD2A42FEB7005E7C40 /* Build configuration list for PBXProject "OriginalApp" */ = {
			isa = XCConfigurationList;
			buildConfigurations = (
				801941D42A42FEB8005E7C40 /* Debug */,
				801941D52A42FEB8005E7C40 /* Release */,
			);
			defaultConfigurationIsVisible = 0;
			defaultConfigurationName = Release;
		};
		801941D62A42FEB8005E7C40 /* Build configuration list for PBXNativeTarget "OriginalApp" */ = {
			isa = XCConfigurationList;
			buildConfigurations = (
				801941D72A42FEB8005E7C40 /* Debug */,
				801941D82A42FEB8005E7C40 /* Release */,
			);
			defaultConfigurationIsVisible = 0;
			defaultConfigurationName = Release;
		};
/* End XCConfigurationList section */

/* Begin XCRemoteSwiftPackageReference section */
		809BD9C02A44828C00BFB643 /* XCRemoteSwiftPackageReference "realm-swift" */ = {
			isa = XCRemoteSwiftPackageReference;
			repositoryURL = "https://github.com/realm/realm-swift";
			requirement = {
				branch = master;
				kind = branch;
			};
		};
/* End XCRemoteSwiftPackageReference section */

/* Begin XCSwiftPackageProductDependency section */
		809BD9C12A44828C00BFB643 /* Realm */ = {
			isa = XCSwiftPackageProductDependency;
			package = 809BD9C02A44828C00BFB643 /* XCRemoteSwiftPackageReference "realm-swift" */;
			productName = Realm;
		};
		809BD9C32A44828C00BFB643 /* RealmSwift */ = {
			isa = XCSwiftPackageProductDependency;
			package = 809BD9C02A44828C00BFB643 /* XCRemoteSwiftPackageReference "realm-swift" */;
			productName = RealmSwift;
		};
/* End XCSwiftPackageProductDependency section */
	};
	rootObject = 801941BA2A42FEB7005E7C40 /* Project object */;
}
